
Microsoft Visual Studio Solution File, Format Version 12.00
# Visual Studio Version 16
VisualStudioVersion = 16.0.30320.27
MinimumVisualStudioVersion = 10.0.40219.1
Project("{FAE04EC0-301F-11D3-BF4B-00C04F79EFBC}") = "WebApiPrue", "WebApiPrue\WebApiPrue.csproj", "{31FA2CBA-F81A-4C87-9F06-DF3C51E87B25}"
EndProject
Global
	GlobalSection(SolutionConfigurationPlatforms) = preSolution
		Debug|Any CPU = Debug|Any CPU
		Release|Any CPU = Release|Any CPU
	EndGlobalSection
	GlobalSection(ProjectConfigurationPlatforms) = postSolution
		{31FA2CBA-F81A-4C87-9F06-DF3C51E87B25}.Debug|Any CPU.ActiveCfg = Debug|Any CPU
		{31FA2CBA-F81A-4C87-9F06-DF3C51E87B25}.Debug|Any CPU.Build.0 = Debug|Any CPU
		{31FA2CBA-F81A-4C87-9F06-DF3C51E87B25}.Release|Any CPU.ActiveCfg = Release|Any CPU
		{31FA2CBA-F81A-4C87-9F06-DF3C51E87B25}.Release|Any CPU.Build.0 = Release|Any CPU
	EndGlobalSection
	GlobalSection(SolutionProperties) = preSolution
		HideSolutionNode = FALSE
	EndGlobalSection
	GlobalSection(ExtensibilityGlobals) = postSolution
		SolutionGuid = {10BD430A-82B2-400B-9BEA-D0067A57E323}
	EndGlobalSection
EndGlobal
